{
  "name": "hardhat-project",
  "lockfileVersion": 2,
  "requires": true,
  "packages": {
    "": {
      "name": "hardhat-project",
      "dependencies": {
        "harhat": "^1.0.1"
      }
    },
    "node_modules/harhat": {
      "version": "1.0.1",
      "resolved": "https://registry.npmjs.org/harhat/-/harhat-1.0.1.tgz",
      "integrity": "sha512-8uDw+Fw01m9Tt2y/9BupfMPh4bVHvimwG0Dt55qTNDVwRI731v5UDMAS7eHNV1PuuE6DTGVKdjlS26lBlX0XiQ=="
    }
  },
  "dependencies": {
    "harhat": {
      "version": "1.0.1",
      "resolved": "https://registry.npmjs.org/harhat/-/harhat-1.0.1.tgz",
      "integrity": "sha512-8uDw+Fw01m9Tt2y/9BupfMPh4bVHvimwG0Dt55qTNDVwRI731v5UDMAS7eHNV1PuuE6DTGVKdjlS26lBlX0XiQ=="
    }
  }
}
